// !$*UTF8*$!
{
	archiveVersion = 1;
	classes = {
	};
	objectVersion = 46;
	objects = {

/* Begin PBXBuildFile section */
		E098CA1D1D457ACC0050DC70 /* AppDelegate.swift in Sources */ = {isa = PBXBuildFile; fileRef = E098CA1C1D457ACC0050DC70 /* AppDelegate.swift */; };
		E098CA1F1D457ACC0050DC70 /* FirstViewController.swift in Sources */ = {isa = PBXBuildFile; fileRef = E098CA1E1D457ACC0050DC70 /* FirstViewController.swift */; };
		E098CA211D457ACC0050DC70 /* SecondViewController.swift in Sources */ = {isa = PBXBuildFile; fileRef = E098CA201D457ACC0050DC70 /* SecondViewController.swift */; };
		E098CA241D457ACC0050DC70 /* Main.storyboard in Resources */ = {isa = PBXBuildFile; fileRef = E098CA221D457ACC0050DC70 /* Main.storyboard */; };
		E098CA261D457ACC0050DC70 /* Assets.xcassets in Resources */ = {isa = PBXBuildFile; fileRef = E098CA251D457ACC0050DC70 /* Assets.xcassets */; };
		E098CA291D457ACC0050DC70 /* LaunchScreen.storyboard in Resources */ = {isa = PBXBuildFile; fileRef = E098CA271D457ACC0050DC70 /* LaunchScreen.storyboard */; };
/* End PBXBuildFile section */

/* Begin PBXFileReference section */
		E098CA191D457ACC0050DC70 /* Todo List.app */ = {isa = PBXFileReference; explicitFileType = wrapper.application; includeInIndex = 0; path = "Todo List.app"; sourceTree = BUILT_PRODUCTS_DIR; };
		E098CA1C1D457ACC0050DC70 /* AppDelegate.swift */ = {isa = PBXFileReference; lastKnownFileType = sourcecode.swift; path = AppDelegate.swift; sourceTree = "<group>"; };
		E098CA1E1D457ACC0050DC70 /* FirstViewController.swift */ = {isa = PBXFileReference; lastKnownFileType = sourcecode.swift; path = FirstViewController.swift; sourceTree = "<group>"; };
		E098CA201D457ACC0050DC70 /* SecondViewController.swift */ = {isa = PBXFileReference; lastKnownFileType = sourcecode.swift; path = SecondViewController.swift; sourceTree = "<group>"; };
		E098CA231D457ACC0050DC70 /* Base */ = {isa = PBXFileReference; lastKnownFileType = file.storyboard; name = Base; path = Base.lproj/Main.storyboard; sourceTree = "<group>"; };
		E098CA251D457ACC0050DC70 /* Assets.xcassets */ = {isa = PBXFileReference; lastKnownFileType = folder.assetcatalog; path = Assets.xcassets; sourceTree = "<group>"; };
		E098CA281D457ACC0050DC70 /* Base */ = {isa = PBXFileReference; lastKnownFileType = file.storyboard; name = Base; path = Base.lproj/LaunchScreen.storyboard; sourceTree = "<group>"; };
		E098CA2A1D457ACC0050DC70 /* Info.plist */ = {isa = PBXFileReference; lastKnownFileType = text.plist.xml; path = Info.plist; sourceTree = "<group>"; };
/* End PBXFileReference section */

/* Begin PBXFrameworksBuildPhase section */
		E098CA161D457ACC0050DC70 /* Frameworks */ = {
			isa = PBXFrameworksBuildPhase;
			buildActionMask = 2147483647;
			files = (
			);
			runOnlyForDeploymentPostprocessing = 0;
		};
/* End PBXFrameworksBuildPhase section */

/* Begin PBXGroup section */
		E098CA101D457ACC0050DC70 = {
			isa = PBXGroup;
			children = (
				E098CA1B1D457ACC0050DC70 /* Todo List */,
				E098CA1A1D457ACC0050DC70 /* Products */,
			);
			sourceTree = "<group>";
		};
		E098CA1A1D457ACC0050DC70 /* Products */ = {
			isa = PBXGroup;
			children = (
				E098CA191D457ACC0050DC70 /* Todo List.app */,
			);
			name = Products;
			sourceTree = "<group>";
		};
		E098CA1B1D457ACC0050DC70 /* Todo List */ = {
			isa = PBXGroup;
			children = (
				E098CA1C1D457ACC0050DC70 /* AppDelegate.swift */,
				E098CA1E1D457ACC0050DC70 /* FirstViewController.swift */,
				E098CA201D457ACC0050DC70 /* SecondViewController.swift */,
				E098CA221D457ACC0050DC70 /* Main.storyboard */,
				E098CA251D457ACC0050DC70 /* Assets.xcassets */,
				E098CA271D457ACC0050DC70 /* LaunchScreen.storyboard */,
				E098CA2A1D457ACC0050DC70 /* Info.plist */,
			);
			path = "Todo List";
			sourceTree = "<group>";
		};
/* End PBXGroup section */

/* Begin PBXNativeTarget section */
		E098CA181D457ACC0050DC70 /* Todo List */ = {
			isa = PBXNativeTarget;
			buildConfigurationList = E098CA2D1D457ACC0050DC70 /* Build configuration list for PBXNativeTarget "Todo List" */;
			buildPhases = (
				E098CA151D457ACC0050DC70 /* Sources */,
				E098CA161D457ACC0050DC70 /* Frameworks */,
				E098CA171D457ACC0050DC70 /* Resources */,
			);
			buildRules = (
			);
			dependencies = (
			);
			name = "Todo List";
			productName = "Todo List";
			productReference = E098CA191D457ACC0050DC70 /* Todo List.app */;
			productType = "com.apple.product-type.application";
		};
/* End PBXNativeTarget section */

/* Begin PBXProject section */
		E098CA111D457ACC0050DC70 /* Project object */ = {
			isa = PBXProject;
			attributes = {
				LastSwiftUpdateCheck = 0800;
				LastUpgradeCheck = 0800;
				ORGANIZATIONNAME = "Ashley Donohoe";
				TargetAttributes = {
					E098CA181D457ACC0050DC70 = {
						CreatedOnToolsVersion = 8.0;
						DevelopmentTeam = LMMQL6UH2F;
						DevelopmentTeamName = "Ashley Donohoe";
						ProvisioningStyle = Automatic;
					};
				};
			};
			buildConfigurationList = E098CA141D457ACC0050DC70 /* Build configuration list for PBXProject "Todo List" */;
			compatibilityVersion = "Xcode 3.2";
			developmentRegion = English;
			hasScannedForEncodings = 0;
			knownRegions = (
				en,
				Base,
			);
			mainGroup = E098CA101D457ACC0050DC70;
			productRefGroup = E098CA1A1D457ACC0050DC70 /* Products */;
			projectDirPath = "";
			projectRoot = "";
			targets = (
				E098CA181D457ACC0050DC70 /* Todo List */,
			);
		};
/* End PBXProject section */

/* Begin PBXResourcesBuildPhase section */
		E098CA171D457ACC0050DC70 /* Resources */ = {
			isa = PBXResourcesBuildPhase;
			buildActionMask = 2147483647;
			files = (
				E098CA291D457ACC0050DC70 /* LaunchScreen.storyboard in Resources */,
				E098CA261D457ACC0050DC70 /* Assets.xcassets in Resources */,
				E098CA241D457ACC0050DC70 /* Main.storyboard in Resources */,
			);
			runOnlyForDeploymentPostprocessing = 0;
		};
/* End PBXResourcesBuildPhase section */

/* Begin PBXSourcesBuildPhase section */
		E098CA151D457ACC0050DC70 /* Sources */ = {
			isa = PBXSourcesBuildPhase;
			buildActionMask = 2147483647;
			files = (
				E098CA211D457ACC0050DC70 /* SecondViewController.swift in Sources */,
				E098CA1D1D457ACC0050DC70 /* AppDelegate.swift in Sources */,
				E098CA1F1D457ACC0050DC70 /* FirstViewController.swift in Sources */,
			);
			runOnlyForDeploymentPostprocessing = 0;
		};
/* End PBXSourcesBuildPhase section */

/* Begin PBXVariantGroup section */
		E098CA221D457ACC0050DC70 /* Main.storyboard */ = {
			isa = PBXVariantGroup;
			children = (
				E098CA231D457ACC0050DC70 /* Base */,
			);
			name = Main.storyboard;
			sourceTree = "<group>";
		};
		E098CA271D457ACC0050DC70 /* LaunchScreen.storyboard */ = {
			isa = PBXVariantGroup;
			children = (
				E098CA281D457ACC0050DC70 /* Base */,
			);
			name = LaunchScreen.storyboard;
			sourceTree = "<group>";
		};
/* End PBXVariantGroup section */

/* Begin XCBuildConfiguration section */
		E098CA2B1D457ACC0050DC70 /* Debug */ = {
			isa = XCBuildConfiguration;
			buildSettings = {
				ALWAYS_SEARCH_USER_PATHS = NO;
				CLANG_ANALYZER_NONNULL = YES;
				CLANG_CXX_LANGUAGE_STANDARD = "gnu++0x";
				CLANG_CXX_LIBRARY = "libc++";
				CLANG_ENABLE_MODULES = YES;
				CLANG_ENABLE_OBJC_ARC = YES;
				CLANG_WARN_BOOL_CONVERSION = YES;
				CLANG_WARN_CONSTANT_CONVERSION = YES;
				CLANG_WARN_DIRECT_OBJC_ISA_USAGE = YES_ERROR;
				CLANG_WARN_DOCUMENTATION_COMMENTS = YES;
				CLANG_WARN_EMPTY_BODY = YES;
				CLANG_WARN_ENUM_CONVERSION = YES;
				CLANG_WARN_INT_CONVERSION = YES;
				CLANG_WARN_OBJC_ROOT_CLASS = YES_ERROR;
				CLANG_WARN_UNREACHABLE_CODE = YES;
				CLANG_WARN__DUPLICATE_METHOD_MATCH = YES;
				"CODE_SIGN_IDENTITY[sdk=iphoneos*]" = "iPhone Developer";
				COPY_PHASE_STRIP = NO;
				DEBUG_INFORMATION_FORMAT = dwarf;
				ENABLE_STRICT_OBJC_MSGSEND = YES;
				ENABLE_TESTABILITY = YES;
				GCC_C_LANGUAGE_STANDARD = gnu99;
				GCC_DYNAMIC_NO_PIC = NO;
				GCC_NO_COMMON_BLOCKS = YES;
				GCC_OPTIMIZATION_LEVEL = 0;
				GCC_PREPROCESSOR_DEFINITIONS = (
					"DEBUG=1",
					"$(inherited)",
				);
				GCC_WARN_64_TO_32_BIT_CONVERSION = YES;
				GCC_WARN_ABOUT_RETURN_TYPE = YES_ERROR;
				GCC_WARN_UNDECLARED_SELECTOR = YES;
				GCC_WARN_UNINITIALIZED_AUTOS = YES_AGGRESSIVE;
				GCC_WARN_UNUSED_FUNCTION = YES;
				GCC_WARN_UNUSED_VARIABLE = YES;
				IPHONEOS_DEPLOYMENT_TARGET = 10.0;
				MTL_ENABLE_DEBUG_INFO = YES;
				ONLY_ACTIVE_ARCH = YES;
				SDKROOT = iphoneos;
				SWIFT_ACTIVE_COMPILATION_CONDITIONS = DEBUG;
				SWIFT_OPTIMIZATION_LEVEL = "-Onone";
			};
			name = Debug;
		};
		E098CA2C1D457ACC0050DC70 /* Release */ = {
			isa = XCBuildConfiguration;
			buildSettings = {
				ALWAYS_SEARCH_USER_PATHS = NO;
				CLANG_ANALYZER_NONNULL = YES;
				CLANG_CXX_LANGUAGE_STANDARD = "gnu++0x";
				CLANG_CXX_LIBRARY = "libc++";
				CLANG_ENABLE_MODULES = YES;
				CLANG_ENABLE_OBJC_ARC = YES;
				CLANG_WARN_BOOL_CONVERSION = YES;
				CLANG_WARN_CONSTANT_CONVERSION = YES;
				CLANG_WARN_DIRECT_OBJC_ISA_USAGE = YES_ERROR;
				CLANG_WARN_DOCUMENTATION_COMMENTS = YES;
				CLANG_WARN_EMPTY_BODY = YES;
				CLANG_WARN_ENUM_CONVERSION = YES;
				CLANG_WARN_INT_CONVERSION = YES;
				CLANG_WARN_OBJC_ROOT_CLASS = YES_ERROR;
				CLANG_WARN_UNREACHABLE_CODE = YES;
				CLANG_WARN__DUPLICATE_METHOD_MATCH = YES;
				"CODE_SIGN_IDENTITY[sdk=iphoneos*]" = "iPhone Developer";
				COPY_PHASE_STRIP = NO;
				DEBUG_INFORMATION_FORMAT = "dwarf-with-dsym";
				ENABLE_NS_ASSERTIONS = NO;
				ENABLE_STRICT_OBJC_MSGSEND = YES;
				GCC_C_LANGUAGE_STANDARD = gnu99;
				GCC_NO_COMMON_BLOCKS = YES;
				GCC_WARN_64_TO_32_BIT_CONVERSION = YES;
				GCC_WARN_ABOUT_RETURN_TYPE = YES_ERROR;
				GCC_WARN_UNDECLARED_SELECTOR = YES;
				GCC_WARN_UNINITIALIZED_AUTOS = YES_AGGRESSIVE;
				GCC_WARN_UNUSED_FUNCTION = YES;
				GCC_WARN_UNUSED_VARIABLE = YES;
				IPHONEOS_DEPLOYMENT_TARGET = 10.0;
				MTL_ENABLE_DEBUG_INFO = NO;
				SDKROOT = iphoneos;
				SWIFT_OPTIMIZATION_LEVEL = "-Owholemodule";
				VALIDATE_PRODUCT = YES;
			};
			name = Release;
		};
		E098CA2E1D457ACC0050DC70 /* Debug */ = {
			isa = XCBuildConfiguration;
			buildSettings = {
				ASSETCATALOG_COMPILER_APPICON_NAME = AppIcon;
				INFOPLIST_FILE = "Todo List/Info.plist";
				LD_RUNPATH_SEARCH_PATHS = "$(inherited) @executable_path/Frameworks";
				PRODUCT_BUNDLE_IDENTIFIER = "com.ashleydonohoe.Todo-List";
				PRODUCT_NAME = "$(TARGET_NAME)";
				SWIFT_VERSION = 3.0;
			};
			name = Debug;
		};
		E098CA2F1D457ACC0050DC70 /* Release */ = {
			isa = XCBuildConfiguration;
			buildSettings = {
				ASSETCATALOG_COMPILER_APPICON_NAME = AppIcon;
				INFOPLIST_FILE = "Todo List/Info.plist";
				LD_RUNPATH_SEARCH_PATHS = "$(inherited) @executable_path/Frameworks";
				PRODUCT_BUNDLE_IDENTIFIER = "com.ashleydonohoe.Todo-List";
				PRODUCT_NAME = "$(TARGET_NAME)";
				SWIFT_VERSION = 3.0;
			};
			name = Release;
		};
/* End XCBuildConfiguration section */

/* Begin XCConfigurationList section */
		E098CA141D457ACC0050DC70 /* Build configuration list for PBXProject "Todo List" */ = {
			isa = XCConfigurationList;
			buildConfigurations = (
				E098CA2B1D457ACC0050DC70 /* Debug */,
				E098CA2C1D457ACC0050DC70 /* Release */,
			);
			defaultConfigurationIsVisible = 0;
			defaultConfigurationName = Release;
		};
		E098CA2D1D457ACC0050DC70 /* Build configuration list for PBXNativeTarget "Todo List" */ = {
			isa = XCConfigurationList;
			buildConfigurations = (
				E098CA2E1D457ACC0050DC70 /* Debug */,
				E098CA2F1D457ACC0050DC70 /* Release */,
			);
			defaultConfigurationIsVisible = 0;
		};
/* End XCConfigurationList section */
	};
	rootObject = E098CA111D457ACC0050DC70 /* Project object */;
}
